
Microsoft Visual Studio Solution File, Format Version 12.00
# Visual Studio Version 16
VisualStudioVersion = 16.0.31321.278
MinimumVisualStudioVersion = 10.0.40219.1
Project("{9A19103F-16F7-4668-BE54-9A1E7A4F7556}") = "Database", "Database\Database.csproj", "{4EDBFDFC-0159-48EB-A5D5-07A583FE31D6}"
EndProject
Project("{9A19103F-16F7-4668-BE54-9A1E7A4F7556}") = "WebApi", "WebApi\WebApi.csproj", "{000A2E4F-5435-4996-A9A0-F4CFB85432FA}"
EndProject
Project("{FAE04EC0-301F-11D3-BF4B-00C04F79EFBC}") = "WebApplication", "WebApplication\WebApplication.csproj", "{A6CACD68-5726-4A59-8E19-74D8D92B0E95}"
EndProject
Global
	GlobalSection(SolutionConfigurationPlatforms) = preSolution
		Debug|Any CPU = Debug|Any CPU
		Release|Any CPU = Release|Any CPU
	EndGlobalSection
	GlobalSection(ProjectConfigurationPlatforms) = postSolution
		{4EDBFDFC-0159-48EB-A5D5-07A583FE31D6}.Debug|Any CPU.ActiveCfg = Debug|Any CPU
		{4EDBFDFC-0159-48EB-A5D5-07A583FE31D6}.Debug|Any CPU.Build.0 = Debug|Any CPU
		{4EDBFDFC-0159-48EB-A5D5-07A583FE31D6}.Release|Any CPU.ActiveCfg = Release|Any CPU
		{4EDBFDFC-0159-48EB-A5D5-07A583FE31D6}.Release|Any CPU.Build.0 = Release|Any CPU
		{000A2E4F-5435-4996-A9A0-F4CFB85432FA}.Debug|Any CPU.ActiveCfg = Debug|Any CPU
		{000A2E4F-5435-4996-A9A0-F4CFB85432FA}.Debug|Any CPU.Build.0 = Debug|Any CPU
		{000A2E4F-5435-4996-A9A0-F4CFB85432FA}.Release|Any CPU.ActiveCfg = Release|Any CPU
		{000A2E4F-5435-4996-A9A0-F4CFB85432FA}.Release|Any CPU.Build.0 = Release|Any CPU
		{A6CACD68-5726-4A59-8E19-74D8D92B0E95}.Debug|Any CPU.ActiveCfg = Debug|Any CPU
		{A6CACD68-5726-4A59-8E19-74D8D92B0E95}.Debug|Any CPU.Build.0 = Debug|Any CPU
		{A6CACD68-5726-4A59-8E19-74D8D92B0E95}.Release|Any CPU.ActiveCfg = Release|Any CPU
		{A6CACD68-5726-4A59-8E19-74D8D92B0E95}.Release|Any CPU.Build.0 = Release|Any CPU
	EndGlobalSection
	GlobalSection(SolutionProperties) = preSolution
		HideSolutionNode = FALSE
	EndGlobalSection
	GlobalSection(ExtensibilityGlobals) = postSolution
		SolutionGuid = {F105E256-8973-4493-ADBD-C853025E2AF5}
	EndGlobalSection
EndGlobal
