
Microsoft Visual Studio Solution File, Format Version 12.00
# Visual Studio Version 16
VisualStudioVersion = 16.0.31321.278
MinimumVisualStudioVersion = 10.0.40219.1
Project("{9A19103F-16F7-4668-BE54-9A1E7A4F7556}") = "Database", "Database\Database.csproj", "{4EDBFDFC-0159-48EB-A5D5-07A583FE31D6}"
EndProject
Project("{9A19103F-16F7-4668-BE54-9A1E7A4F7556}") = "WebApi", "WebApi\WebApi.csproj", "{000A2E4F-5435-4996-A9A0-F4CFB85432FA}"
EndProject
Project("{9A19103F-16F7-4668-BE54-9A1E7A4F7556}") = "AzureFunctionsApp", "AzureFunctionsApp\AzureFunctionsApp.csproj", "{C380D754-35A4-4EB8-8AF2-98909CAE0176}"
EndProject
Project("{9A19103F-16F7-4668-BE54-9A1E7A4F7556}") = "WebApplication", "WebApplication\WebApplication.csproj", "{BF8F6375-82E8-47FC-9DAB-DA84AFC6EDA5}"
EndProject
Project("{FAE04EC0-301F-11D3-BF4B-00C04F79EFBC}") = "AuthDatabase", "AuthDatabase\AuthDatabase.csproj", "{3A74FB53-EE83-4B00-900A-DC384B19E8BA}"
EndProject
Global
	GlobalSection(SolutionConfigurationPlatforms) = preSolution
		Debug|Any CPU = Debug|Any CPU
		Release|Any CPU = Release|Any CPU
	EndGlobalSection
	GlobalSection(ProjectConfigurationPlatforms) = postSolution
		{4EDBFDFC-0159-48EB-A5D5-07A583FE31D6}.Debug|Any CPU.ActiveCfg = Debug|Any CPU
		{4EDBFDFC-0159-48EB-A5D5-07A583FE31D6}.Debug|Any CPU.Build.0 = Debug|Any CPU
		{4EDBFDFC-0159-48EB-A5D5-07A583FE31D6}.Release|Any CPU.ActiveCfg = Release|Any CPU
		{4EDBFDFC-0159-48EB-A5D5-07A583FE31D6}.Release|Any CPU.Build.0 = Release|Any CPU
		{000A2E4F-5435-4996-A9A0-F4CFB85432FA}.Debug|Any CPU.ActiveCfg = Debug|Any CPU
		{000A2E4F-5435-4996-A9A0-F4CFB85432FA}.Debug|Any CPU.Build.0 = Debug|Any CPU
		{000A2E4F-5435-4996-A9A0-F4CFB85432FA}.Release|Any CPU.ActiveCfg = Release|Any CPU
		{000A2E4F-5435-4996-A9A0-F4CFB85432FA}.Release|Any CPU.Build.0 = Release|Any CPU
		{C380D754-35A4-4EB8-8AF2-98909CAE0176}.Debug|Any CPU.ActiveCfg = Debug|Any CPU
		{C380D754-35A4-4EB8-8AF2-98909CAE0176}.Debug|Any CPU.Build.0 = Debug|Any CPU
		{C380D754-35A4-4EB8-8AF2-98909CAE0176}.Release|Any CPU.ActiveCfg = Release|Any CPU
		{C380D754-35A4-4EB8-8AF2-98909CAE0176}.Release|Any CPU.Build.0 = Release|Any CPU
		{BF8F6375-82E8-47FC-9DAB-DA84AFC6EDA5}.Debug|Any CPU.ActiveCfg = Debug|Any CPU
		{BF8F6375-82E8-47FC-9DAB-DA84AFC6EDA5}.Debug|Any CPU.Build.0 = Debug|Any CPU
		{BF8F6375-82E8-47FC-9DAB-DA84AFC6EDA5}.Release|Any CPU.ActiveCfg = Release|Any CPU
		{BF8F6375-82E8-47FC-9DAB-DA84AFC6EDA5}.Release|Any CPU.Build.0 = Release|Any CPU
		{3A74FB53-EE83-4B00-900A-DC384B19E8BA}.Debug|Any CPU.ActiveCfg = Debug|Any CPU
		{3A74FB53-EE83-4B00-900A-DC384B19E8BA}.Debug|Any CPU.Build.0 = Debug|Any CPU
		{3A74FB53-EE83-4B00-900A-DC384B19E8BA}.Release|Any CPU.ActiveCfg = Release|Any CPU
		{3A74FB53-EE83-4B00-900A-DC384B19E8BA}.Release|Any CPU.Build.0 = Release|Any CPU
	EndGlobalSection
	GlobalSection(SolutionProperties) = preSolution
		HideSolutionNode = FALSE
	EndGlobalSection
	GlobalSection(ExtensibilityGlobals) = postSolution
		SolutionGuid = {F105E256-8973-4493-ADBD-C853025E2AF5}
	EndGlobalSection
EndGlobal
